Microsoft Visual Studio Solution File, Format Version 12.00
# Visual Studio Version 17
VisualStudioVersion = 17.5.2.0
MinimumVisualStudioVersion = 10.0.40219.1
Project("{FAE04EC0-301F-11D3-BF4B-00C04F79EFBC}") = "NEXUS", "NEXUS.csproj", "{7FE5C413-24BC-22F5-9E2E-FD691A375566}"
EndProject
Global
	GlobalSection(SolutionConfigurationPlatforms) = preSolution
		Debug|Any CPU = Debug|Any CPU
		Release|Any CPU = Release|Any CPU
	EndGlobalSection
	GlobalSection(ProjectConfigurationPlatforms) = postSolution
		{7FE5C413-24BC-22F5-9E2E-FD691A375566}.Debug|Any CPU.ActiveCfg = Debug|Any CPU
		{7FE5C413-24BC-22F5-9E2E-FD691A375566}.Debug|Any CPU.Build.0 = Debug|Any CPU
		{7FE5C413-24BC-22F5-9E2E-FD691A375566}.Release|Any CPU.ActiveCfg = Release|Any CPU
		{7FE5C413-24BC-22F5-9E2E-FD691A375566}.Release|Any CPU.Build.0 = Release|Any CPU
	EndGlobalSection
	GlobalSection(SolutionProperties) = preSolution
		HideSolutionNode = FALSE
	EndGlobalSection
	GlobalSection(ExtensibilityGlobals) = postSolution
		SolutionGuid = {DB54041C-F7FE-4860-AEC4-229D1AA2F9B0}
	EndGlobalSection
EndGlobal
